# This file was autogenerated by Stack.
# You should not edit this file by hand.
# For more information, please see the documentation at:
#   https://docs.haskellstack.org/en/stable/lock_files

packages:
- completed:
    commit: 600d2c4614266e8412cd3aa64e08f47b7060d4c2
    git: https://github.com/codedownio/myers-diff.git
    name: myers-diff
    pantry-tree:
      sha256: b187e0a7c66fc07fafe5af4874aedb93b41d4d692e9147a7a4ee237080914b76
      size: 2003
    version: 0.2.0.0
  original:
    commit: 600d2c4614266e8412cd3aa64e08f47b7060d4c2
    git: https://github.com/codedownio/myers-diff.git
- completed:
    hackage: lsp-types-2.0.0.1@sha256:259442a8d499b3a959cb6b12de331e586c6b37e2c4e1f9d82a542976ea728f41,29290
    pantry-tree:
      sha256: f8617d8aaa142ecc8ce62e0b2d930669d4969b6b9143368d20b1680874b8077c
      size: 45522
  original:
    hackage: lsp-types-2.0.0.1
- completed:
    hackage: row-types-1.0.1.2@sha256:4d4c7cb95d06a32b28ba977852d52a26b4c1f695ef083a6fd874ab6d79933b64,3071
    pantry-tree:
      sha256: 6a3617038d3970095100d14d026c396002a115700500cf3004ffb67ae5a75611
      size: 1060
  original:
    hackage: row-types-1.0.1.2
snapshots:
- completed:
    sha256: 5a59b2a405b3aba3c00188453be172b85893cab8ebc352b1ef58b0eae5d248a2
    size: 650475
    url: https://raw.githubusercontent.com/commercialhaskell/stackage-snapshots/master/lts/20/26.yaml
  original: lts-20.26
