# This file was autogenerated by Stack.
# You should not edit this file by hand.
# For more information, please see the documentation at:
#   https://docs.haskellstack.org/en/stable/lock_files

packages:
- completed:
    name: lsp-transformer
    version: 0.1.0.0
    git: https://github.com/codedownio/lsp-transformer.git
    pantry-tree:
      size: 587
      sha256: dc41b2b4de701c4ad3e693d4fab41050517dc4b1289bd6fc74422ff9cbabbaca
    commit: 520bd819461f2b47d631e551badf1e05bdaa1cbf
  original:
    git: https://github.com/codedownio/lsp-transformer.git
    commit: 520bd819461f2b47d631e551badf1e05bdaa1cbf
snapshots:
- completed:
    size: 612141
    url: https://raw.githubusercontent.com/commercialhaskell/stackage-snapshots/master/nightly/2022/3/3.yaml
    sha256: 0df0015743398be2f8ea1e0784e9d10ef1a60f7acdceae7ec64881d7441fa14e
  original: nightly-2022-03-03
