# This file was autogenerated by Stack.
# You should not edit this file by hand.
# For more information, please see the documentation at:
#   https://docs.haskellstack.org/en/stable/lock_files

packages:
- completed:
    hackage: myers-diff-0.2.0.0@sha256:157bd9141fb21a17e195f328b10b8a8650f78065a36e8cb1d3cb919469ef45cc,7188
    pantry-tree:
      sha256: c14522eb1b1b794526f2b82f1aa2f058e5fe607bb2b9941abf43e76da75edbae
      size: 1283
  original:
    hackage: myers-diff-0.2.0.0
- completed:
    commit: c547ee2fdc0a09cf4129b19292147fec38527a55
    git: https://github.com/IHaskell/IHaskell.git
    name: ihaskell
    pantry-tree:
      sha256: 7b14d382fa399d46ae7674a5597c93b147719d6cf43974ae5c877d8237ee1510
      size: 22626
    subdir: .
    version: 0.10.3.0
  original:
    commit: c547ee2fdc0a09cf4129b19292147fec38527a55
    git: https://github.com/IHaskell/IHaskell.git
    subdir: .
- completed:
    commit: c547ee2fdc0a09cf4129b19292147fec38527a55
    git: https://github.com/IHaskell/IHaskell.git
    name: ghc-parser
    pantry-tree:
      sha256: 1bbf8e3ff91ebe24fee1bc21c11c21f92d3c27fc3e518bf34eae5442bb8cacdf
      size: 820
    subdir: ./ghc-parser
    version: 0.2.4.0
  original:
    commit: c547ee2fdc0a09cf4129b19292147fec38527a55
    git: https://github.com/IHaskell/IHaskell.git
    subdir: ./ghc-parser
snapshots:
- completed:
    sha256: 85d2382958c178491d3fe50d770a624621f5ab456beef7d31ac7521f780c9bc7
    size: 640042
    url: https://raw.githubusercontent.com/commercialhaskell/stackage-snapshots/master/lts/21/17.yaml
  original: lts-21.17
