# This file was autogenerated by Stack.
# You should not edit this file by hand.
# For more information, please see the documentation at:
#   https://docs.haskellstack.org/en/stable/lock_files

packages:
- completed:
    name: lsp-transformer
    version: 0.1.0.0
    git: https://github.com/codedownio/lsp-transformer.git
    pantry-tree:
      size: 587
      sha256: c64a3a6c7e55747e6edfa43b042e44e3f8b9e1fea9ce1ff65a35006c43d4fea1
    commit: 1f1ebf974c28fb7ca21166d5e15081073e9170fe
  original:
    git: https://github.com/codedownio/lsp-transformer.git
    commit: 1f1ebf974c28fb7ca21166d5e15081073e9170fe
snapshots:
- completed:
    size: 633412
    url: https://raw.githubusercontent.com/commercialhaskell/stackage-snapshots/master/nightly/2022/2/1.yaml
    sha256: b0da46bd3f3a2c14c20ccf4a47d344ea93c7ecae1672815cb87415cdb246a073
  original: nightly-2022-02-01
