# This file was autogenerated by Stack.
# You should not edit this file by hand.
# For more information, please see the documentation at:
#   https://docs.haskellstack.org/en/stable/lock_files

packages:
- completed:
    commit: c547ee2fdc0a09cf4129b19292147fec38527a55
    git: https://github.com/IHaskell/IHaskell.git
    name: ihaskell
    pantry-tree:
      sha256: 7b14d382fa399d46ae7674a5597c93b147719d6cf43974ae5c877d8237ee1510
      size: 22626
    subdir: .
    version: 0.10.3.0
  original:
    commit: c547ee2fdc0a09cf4129b19292147fec38527a55
    git: https://github.com/IHaskell/IHaskell.git
    subdir: .
- completed:
    commit: c547ee2fdc0a09cf4129b19292147fec38527a55
    git: https://github.com/IHaskell/IHaskell.git
    name: ghc-parser
    pantry-tree:
      sha256: 1bbf8e3ff91ebe24fee1bc21c11c21f92d3c27fc3e518bf34eae5442bb8cacdf
      size: 820
    subdir: ./ghc-parser
    version: 0.2.4.0
  original:
    commit: c547ee2fdc0a09cf4129b19292147fec38527a55
    git: https://github.com/IHaskell/IHaskell.git
    subdir: ./ghc-parser
snapshots:
- completed:
    sha256: 45e6765c61828735fec1923470b9b4b190c49dc66d65cb4587e88446de899c90
    size: 539333
    url: https://raw.githubusercontent.com/commercialhaskell/stackage-snapshots/master/nightly/2023/7/4.yaml
  original: nightly-2023-07-04
