# This file was autogenerated by Stack.
# You should not edit this file by hand.
# For more information, please see the documentation at:
#   https://docs.haskellstack.org/en/stable/lock_files

packages:
- completed:
    commit: 3683ab4e052347bc47eb5546361f47bcd8c0fa58
    git: https://github.com/codedownio/myers-diff.git
    name: myers-diff
    pantry-tree:
      sha256: ad44b9dcac56932c51114dd0b57bd2a30bdda758c21252643c91bfb148c25ee5
      size: 3023
    version: 0.3.0.0
  original:
    commit: 3683ab4e052347bc47eb5546361f47bcd8c0fa58
    git: https://github.com/codedownio/myers-diff.git
- completed:
    hackage: lsp-types-2.0.0.1@sha256:259442a8d499b3a959cb6b12de331e586c6b37e2c4e1f9d82a542976ea728f41,29290
    pantry-tree:
      sha256: f8617d8aaa142ecc8ce62e0b2d930669d4969b6b9143368d20b1680874b8077c
      size: 45522
  original:
    hackage: lsp-types-2.0.0.1
- completed:
    hackage: row-types-1.0.1.2@sha256:4d4c7cb95d06a32b28ba977852d52a26b4c1f695ef083a6fd874ab6d79933b64,3071
    pantry-tree:
      sha256: 6a3617038d3970095100d14d026c396002a115700500cf3004ffb67ae5a75611
      size: 1060
  original:
    hackage: row-types-1.0.1.2
- completed:
    hackage: ipython-kernel-0.11.0.0@sha256:4e1c174037c4088b0113663d17c443fb6612e0f7639d28152c1e237816972550,2676
    pantry-tree:
      sha256: 56fb92a6761881b39a0a2e2835e9d6fecd0ad15310c2a5c854ea2abcc9e78ecd
      size: 792
  original:
    hackage: ipython-kernel-0.11.0.0
- completed:
    commit: 7df14126586fd32f841fa1a99ce5ec5ec7a20fa4
    git: https://github.com/codedownio/IHaskell.git
    name: ihaskell
    pantry-tree:
      sha256: c9671e46fa0f8ac28ece14a3c88daa94552fad55c4a49ae089deacfd7cc1f865
      size: 23345
    subdir: .
    version: 0.11.0.0
  original:
    commit: 7df14126586fd32f841fa1a99ce5ec5ec7a20fa4
    git: https://github.com/codedownio/IHaskell.git
    subdir: .
- completed:
    commit: 7df14126586fd32f841fa1a99ce5ec5ec7a20fa4
    git: https://github.com/codedownio/IHaskell.git
    name: ghc-parser
    pantry-tree:
      sha256: 02bb412e738063631d10750648b5c432d5df99599eaeff5050d92df6416df102
      size: 903
    subdir: ./ghc-parser
    version: 0.2.6.0
  original:
    commit: 7df14126586fd32f841fa1a99ce5ec5ec7a20fa4
    git: https://github.com/codedownio/IHaskell.git
    subdir: ./ghc-parser
snapshots:
- completed:
    sha256: 5a59b2a405b3aba3c00188453be172b85893cab8ebc352b1ef58b0eae5d248a2
    size: 650475
    url: https://raw.githubusercontent.com/commercialhaskell/stackage-snapshots/master/lts/20/26.yaml
  original: lts-20.26
