# This file was autogenerated by Stack.
# You should not edit this file by hand.
# For more information, please see the documentation at:
#   https://docs.haskellstack.org/en/stable/lock_files

packages:
- completed:
    commit: 3683ab4e052347bc47eb5546361f47bcd8c0fa58
    git: https://github.com/codedownio/myers-diff.git
    name: myers-diff
    pantry-tree:
      sha256: ad44b9dcac56932c51114dd0b57bd2a30bdda758c21252643c91bfb148c25ee5
      size: 3023
    version: 0.3.0.0
  original:
    commit: 3683ab4e052347bc47eb5546361f47bcd8c0fa58
    git: https://github.com/codedownio/myers-diff.git
- completed:
    commit: 7df14126586fd32f841fa1a99ce5ec5ec7a20fa4
    git: https://github.com/codedownio/IHaskell.git
    name: ihaskell
    pantry-tree:
      sha256: c9671e46fa0f8ac28ece14a3c88daa94552fad55c4a49ae089deacfd7cc1f865
      size: 23345
    subdir: .
    version: 0.11.0.0
  original:
    commit: 7df14126586fd32f841fa1a99ce5ec5ec7a20fa4
    git: https://github.com/codedownio/IHaskell.git
    subdir: .
- completed:
    commit: 7df14126586fd32f841fa1a99ce5ec5ec7a20fa4
    git: https://github.com/codedownio/IHaskell.git
    name: ghc-parser
    pantry-tree:
      sha256: 02bb412e738063631d10750648b5c432d5df99599eaeff5050d92df6416df102
      size: 903
    subdir: ./ghc-parser
    version: 0.2.6.0
  original:
    commit: 7df14126586fd32f841fa1a99ce5ec5ec7a20fa4
    git: https://github.com/codedownio/IHaskell.git
    subdir: ./ghc-parser
- completed:
    hackage: ipython-kernel-0.11.0.0@sha256:4e1c174037c4088b0113663d17c443fb6612e0f7639d28152c1e237816972550,2676
    pantry-tree:
      sha256: 56fb92a6761881b39a0a2e2835e9d6fecd0ad15310c2a5c854ea2abcc9e78ecd
      size: 792
  original:
    hackage: ipython-kernel-0.11.0.0
- completed:
    hackage: lsp-types-2.3.0.0@sha256:ca17a686bda5dc7ff04105ca7081dce5a90bcd050c8800a13efd68b7f0901f1c,34215
    pantry-tree:
      sha256: 0bf22e394dc804c8cee74d19a7f38021cfd48a15082b39a14753c037f2a64288
      size: 51996
  original:
    hackage: lsp-types-2.3.0.0
snapshots:
- completed:
    sha256: a81fb3877c4f9031e1325eb3935122e608d80715dc16b586eb11ddbff8671ecd
    size: 640086
    url: https://raw.githubusercontent.com/commercialhaskell/stackage-snapshots/master/lts/21/25.yaml
  original: lts-21.25
