# This file was autogenerated by Stack.
# You should not edit this file by hand.
# For more information, please see the documentation at:
#   https://docs.haskellstack.org/en/stable/lock_files

packages:
- completed:
    commit: 7df14126586fd32f841fa1a99ce5ec5ec7a20fa4
    git: https://github.com/codedownio/IHaskell.git
    name: ihaskell
    pantry-tree:
      sha256: c9671e46fa0f8ac28ece14a3c88daa94552fad55c4a49ae089deacfd7cc1f865
      size: 23345
    subdir: .
    version: 0.11.0.0
  original:
    commit: 7df14126586fd32f841fa1a99ce5ec5ec7a20fa4
    git: https://github.com/codedownio/IHaskell.git
    subdir: .
- completed:
    commit: 7df14126586fd32f841fa1a99ce5ec5ec7a20fa4
    git: https://github.com/codedownio/IHaskell.git
    name: ghc-parser
    pantry-tree:
      sha256: 02bb412e738063631d10750648b5c432d5df99599eaeff5050d92df6416df102
      size: 903
    subdir: ./ghc-parser
    version: 0.2.6.0
  original:
    commit: 7df14126586fd32f841fa1a99ce5ec5ec7a20fa4
    git: https://github.com/codedownio/IHaskell.git
    subdir: ./ghc-parser
snapshots:
- completed:
    sha256: 1e32b51d9082fdf6f3bd92accc9dfffd4ddaf406404427fb10bf76d2bc03cbbb
    size: 720263
    url: https://raw.githubusercontent.com/commercialhaskell/stackage-snapshots/master/lts/22/41.yaml
  original: lts-22.41
