# This file was autogenerated by Stack.
# You should not edit this file by hand.
# For more information, please see the documentation at:
#   https://docs.haskellstack.org/en/stable/topics/lock_files

packages:
- completed:
    commit: f4ada7baa5b76b11bfb7ac991cfaa846339b3373
    git: https://github.com/codedownio/IHaskell.git
    name: ihaskell
    pantry-tree:
      sha256: e928c494be4f637f3339a080873766f1a72e8bf7e945278788e26c3d759dc679
      size: 24122
    subdir: .
    version: 0.12.0.0
  original:
    commit: f4ada7baa5b76b11bfb7ac991cfaa846339b3373
    git: https://github.com/codedownio/IHaskell.git
    subdir: .
- completed:
    commit: f4ada7baa5b76b11bfb7ac991cfaa846339b3373
    git: https://github.com/codedownio/IHaskell.git
    name: ghc-parser
    pantry-tree:
      sha256: 653a0561e1ea3402208dbfebde9ee796d1157a692f5ea78554baad2d932403ab
      size: 820
    subdir: ./ghc-parser
    version: 0.2.7.0
  original:
    commit: f4ada7baa5b76b11bfb7ac991cfaa846339b3373
    git: https://github.com/codedownio/IHaskell.git
    subdir: ./ghc-parser
- completed:
    commit: f4ada7baa5b76b11bfb7ac991cfaa846339b3373
    git: https://github.com/codedownio/IHaskell.git
    name: ipython-kernel
    pantry-tree:
      sha256: cc08767de2e06f8c1562be758ce5f1945667e3f3f9fd0508cc3295ffc70e6f8b
      size: 792
    subdir: ./ipython-kernel
    version: 0.11.0.0
  original:
    commit: f4ada7baa5b76b11bfb7ac991cfaa846339b3373
    git: https://github.com/codedownio/IHaskell.git
    subdir: ./ipython-kernel
- completed:
    hackage: lsp-types-2.3.0.0@sha256:ca17a686bda5dc7ff04105ca7081dce5a90bcd050c8800a13efd68b7f0901f1c,34215
    pantry-tree:
      sha256: 0bf22e394dc804c8cee74d19a7f38021cfd48a15082b39a14753c037f2a64288
      size: 51996
  original:
    hackage: lsp-types-2.3.0.0
snapshots:
- completed:
    sha256: 1e32b51d9082fdf6f3bd92accc9dfffd4ddaf406404427fb10bf76d2bc03cbbb
    size: 720263
    url: https://raw.githubusercontent.com/commercialhaskell/stackage-snapshots/master/lts/22/41.yaml
  original: lts-22.41
