# This file was autogenerated by Stack.
# You should not edit this file by hand.
# For more information, please see the documentation at:
#   https://docs.haskellstack.org/en/stable/topics/lock_files

packages:
- completed:
    commit: f4ada7baa5b76b11bfb7ac991cfaa846339b3373
    git: https://github.com/codedownio/IHaskell.git
    name: ihaskell
    pantry-tree:
      sha256: e928c494be4f637f3339a080873766f1a72e8bf7e945278788e26c3d759dc679
      size: 24122
    subdir: .
    version: 0.12.0.0
  original:
    commit: f4ada7baa5b76b11bfb7ac991cfaa846339b3373
    git: https://github.com/codedownio/IHaskell.git
    subdir: .
- completed:
    commit: f4ada7baa5b76b11bfb7ac991cfaa846339b3373
    git: https://github.com/codedownio/IHaskell.git
    name: ghc-parser
    pantry-tree:
      sha256: 653a0561e1ea3402208dbfebde9ee796d1157a692f5ea78554baad2d932403ab
      size: 820
    subdir: ./ghc-parser
    version: 0.2.7.0
  original:
    commit: f4ada7baa5b76b11bfb7ac991cfaa846339b3373
    git: https://github.com/codedownio/IHaskell.git
    subdir: ./ghc-parser
- completed:
    commit: f4ada7baa5b76b11bfb7ac991cfaa846339b3373
    git: https://github.com/codedownio/IHaskell.git
    name: ipython-kernel
    pantry-tree:
      sha256: cc08767de2e06f8c1562be758ce5f1945667e3f3f9fd0508cc3295ffc70e6f8b
      size: 792
    subdir: ./ipython-kernel
    version: 0.11.0.0
  original:
    commit: f4ada7baa5b76b11bfb7ac991cfaa846339b3373
    git: https://github.com/codedownio/IHaskell.git
    subdir: ./ipython-kernel
- completed:
    hackage: cryptonite-0.30@sha256:12c85dea7be63e5ad90bcb487eb3846bf3c413347f94336fa1dede7b28f9936a,18301
    pantry-tree:
      sha256: df1cbe4cc40d569cc75ffed40bc5deac43cb085653980b42b9b6a5d4b745a30a
      size: 23323
  original:
    hackage: cryptonite-0.30@sha256:12c85dea7be63e5ad90bcb487eb3846bf3c413347f94336fa1dede7b28f9936a,18301
snapshots:
- completed:
    sha256: 8caf77d89de468341cf66de5557c527a00bf1f7733eae21cec4935880fe6221a
    size: 669892
    url: https://raw.githubusercontent.com/commercialhaskell/stackage-snapshots/master/nightly/2025/7/23.yaml
  original: nightly-2025-07-23
