# This file was autogenerated by Stack.
# You should not edit this file by hand.
# For more information, please see the documentation at:
#   https://docs.haskellstack.org/en/stable/lock_files

packages: []
snapshots:
- completed:
    sha256: 9970615b9dba805bcf13388d3842092708284906c7584b7cc027b4898b307dfa
    size: 622359
    url: https://raw.githubusercontent.com/commercialhaskell/stackage-snapshots/master/nightly/2024/4/3.yaml
  original: nightly-2024-04-03
